<Solution>
  <Project Path="WinBoost.App/WinBoost.App.csproj" />
  <Project Path="WinBoost.Licensing.Server/WinBoost.Licensing.Server.csproj" Id="34eddd40-511f-4a36-9217-662305999ab6" />
  <Project Path="WinBoost.RecoveryWorker/WinBoost.RecoveryWorker.csproj" Id="0c257d8c-df91-46ad-9dc4-24d512cc0d91" />
  <Project Path="WinBoost.UpdateWorker/WinBoost.UpdateWorker.csproj" Id="f1a7ed7b-5aea-42f0-8e7a-cf8395be3f00" />
</Solution>
